
Microsoft Visual Studio Solution File, Format Version 12.00
# Visual Studio Version 17
VisualStudioVersion = 17.4.33205.214
MinimumVisualStudioVersion = 10.0.40219.1
Project("{9A19103F-16F7-4668-BE54-9A1E7A4F7556}") = "Bird.Program", "Bird.Program\Bird.Program.csproj", "{F8EB1453-CCC8-4DF9-9E93-8C6504A6CF61}"
EndProject
Project("{9A19103F-16F7-4668-BE54-9A1E7A4F7556}") = "Bird.Test", "Bird.Test\Bird.Test.csproj", "{7B8A82B3-E9F1-4146-A029-A26B5DBE7662}"
EndProject
Global
	GlobalSection(SolutionConfigurationPlatforms) = preSolution
		Debug|Any CPU = Debug|Any CPU
		Debug|x64 = Debug|x64
		Release|Any CPU = Release|Any CPU
		Release|x64 = Release|x64
	EndGlobalSection
	GlobalSection(ProjectConfigurationPlatforms) = postSolution
		{F8EB1453-CCC8-4DF9-9E93-8C6504A6CF61}.Debug|Any CPU.ActiveCfg = Debug|Any CPU
		{F8EB1453-CCC8-4DF9-9E93-8C6504A6CF61}.Debug|Any CPU.Build.0 = Debug|Any CPU
		{F8EB1453-CCC8-4DF9-9E93-8C6504A6CF61}.Debug|x64.ActiveCfg = Debug|x64
		{F8EB1453-CCC8-4DF9-9E93-8C6504A6CF61}.Debug|x64.Build.0 = Debug|x64
		{F8EB1453-CCC8-4DF9-9E93-8C6504A6CF61}.Release|Any CPU.ActiveCfg = Release|Any CPU
		{F8EB1453-CCC8-4DF9-9E93-8C6504A6CF61}.Release|Any CPU.Build.0 = Release|Any CPU
		{F8EB1453-CCC8-4DF9-9E93-8C6504A6CF61}.Release|x64.ActiveCfg = Release|x64
		{F8EB1453-CCC8-4DF9-9E93-8C6504A6CF61}.Release|x64.Build.0 = Release|x64
		{7B8A82B3-E9F1-4146-A029-A26B5DBE7662}.Debug|Any CPU.ActiveCfg = Debug|Any CPU
		{7B8A82B3-E9F1-4146-A029-A26B5DBE7662}.Debug|Any CPU.Build.0 = Debug|Any CPU
		{7B8A82B3-E9F1-4146-A029-A26B5DBE7662}.Debug|x64.ActiveCfg = Debug|x64
		{7B8A82B3-E9F1-4146-A029-A26B5DBE7662}.Debug|x64.Build.0 = Debug|x64
		{7B8A82B3-E9F1-4146-A029-A26B5DBE7662}.Release|Any CPU.ActiveCfg = Release|Any CPU
		{7B8A82B3-E9F1-4146-A029-A26B5DBE7662}.Release|Any CPU.Build.0 = Release|Any CPU
		{7B8A82B3-E9F1-4146-A029-A26B5DBE7662}.Release|x64.ActiveCfg = Release|x64
		{7B8A82B3-E9F1-4146-A029-A26B5DBE7662}.Release|x64.Build.0 = Release|x64
	EndGlobalSection
	GlobalSection(SolutionProperties) = preSolution
		HideSolutionNode = FALSE
	EndGlobalSection
	GlobalSection(ExtensibilityGlobals) = postSolution
		SolutionGuid = {081004FA-7134-4A06-9F41-F8A9F058990E}
	EndGlobalSection
EndGlobal
